{
  "cases": {
    "fixture/fx-001": {
      "sha256:05205e828d48405c8634b74ffe32ef5d9f809b06077d5354211ac8fd09f40044": "sha256:6d3acf7512fcfce60199616ae30cf586720c42fc32090c606b41a23adee5b65f",
      "sha256:097e2bab31488dc392b6e2831e7016c241e03efa530ca0d6f7a04beb911533bf": "sha256:6e0ce80d368cb963185cd95fb67bf01dd68aa183a20ba373e583403ffc3885f1",
      "sha256:0b34ca6ccb1e3286ac7a68209d397cf28c2a1c9281e0c2d7e0b92a1049c8ad1e": "sha256:8e64dc0b900dd66177047054376231419eaae9650522e73e83463d3238e9c7b4",
      "sha256:0dd5013e91ee5f9777f7900e42ecffb7dc6d575ad5ed51ba6e88e08c7ee81196": "sha256:6c14c4f5c8ee940a9942e5bebd108836e53f428263bdd6c23b93e9683e09d766",
      "sha256:2b1e0fab4073e45cde1ef083e3a23054f455a229d5e3afbf503e81924c431ac8": "sha256:f5442f3715dd2cf1193cc942ff0faeb6764d805a575f26437efd88eac95c1b5b",
      "sha256:39b2a68a6f46fde73f1611a716fe8306b0755e84002d59f565e2145585ce35e8": "sha256:3cd8676e25936227ea50fd146993e8696e634702af5664fc80a05e3caf17cbb1",
      "sha256:39cbdb9aa251182078e7e08b2cd980068841640be85cdbb5e5eea806da9ee20d": "sha256:ac50d5cda35d7b3fc65fa7a81a1ffab5cf2848f7608203f15c340d39d31ccb53",
      "sha256:416019470de59738a2efe0656d944f9ed91f1cfcb8cd04ff068c705f47f45410": "sha256:9472e6acfb4004afc1a2c418afcee2362fdea20d3f0fbb64ec4d15c41f794c9a",
      "sha256:7bdd9f7a8ba850df2fbfccb09417d794a7a088ebbde738292dd48b7dba940058": "sha256:be97c7935ed2281c716860349a084f47eb6180d9a3439a53d1dd6235fdbdb6ab",
      "sha256:8f426291f7985bf6b5ca05aa31a99b476dd9a866ba423af613d9e29c28f4585e": "sha256:dd6e93305d9fd08b117eeabe6a9c1e1a7918915691dd72fd9a2af749b7c19511",
      "sha256:8f8a7656e8ab0fd1108d53735666f59fcba818d7af6ade8039a7b793e26d7c14": "sha256:deb517a358436ef4717c7fd8d85359f81318a8d7940f870631b42194487c3dad",
      "sha256:99bafbf8ddcbc67a274cd8cacb2f15dc2d45e0eee895254a6697cb330be34f42": "sha256:58e7483beb5994c18c44f178209f791893eea06dbcd8f4828509747583fcdd8c",
      "sha256:9c382aa735c21abfcdace3929a615de854799acd4b50c8ce3003d86e0d2f158b": "sha256:f76b3273887939ca27c65bf7389810ff68ed5de60cd55127533d636bcea2eb00",
      "sha256:9cfd95462dbd1575a3161ed74c1600de721045127ef9db6730923f71d8f0105c": "sha256:d48e67d43180c5d1b7dcec2569828b1e50e9d5912e76424da99afc2a2b0b7f27",
      "sha256:bbef40d3441a77a5d46679190a0910b3297bc0131389208528486b925ef9279b": "sha256:c4aba9b72f0ff5537903d4f2cd1a196069bacb68d1460702d20c70483a1bccc9",
      "sha256:f2a24991ad5681923c7c3c68dd78356376fdb47ceea5f6aa056eacc7df5b2d0b": "sha256:d3b12bde45bc98f85d15f6a58e9fd20b72f12a5c9df0a892ad5a45538bb65d6d",
      "sha256:f69f64d2246011804a5c88216ece39cbc3d839b0555d5dc2f855506da1952f7d": "sha256:07eb4fe1a5fbd40615de93e2a745853cc4906fac3889f7555be5d7fb077a0401",
      "sha256:fe92117825fb55a1947aabfe5ba1c915e3b3191a207e8e74da3fff00ca96e9c8": "sha256:db10f8efe22360c3d38106eac20a03893c7756492c5347f4c697698ca024646e"
    },
    "fixture/fx-002": {
      "sha256:05c7ff1daff7608b6e376b663158c6ecfa71d6131bd4fd9f43f9dbe9fb0443d6": "sha256:7a397d363b187bf3ed23b00e4c42a20f58c1866d8e1d84c1112426036991431c",
      "sha256:1729cbff2affb44269653b546cdd814173fcc4ab069f27832a5900e262fafef4": "sha256:a7410e4d6a0031aa9ea0e76e49e81b569029c12148b3ed32b7d37201c8711124",
      "sha256:30f89c29dc3bd86479448d0d8b105e52c96d383b3c87f0fb327a789fe35eee66": "sha256:54d23e72f03ec5c611f1c961e2e07868ff25fffbd0f79715362386df2259cb0b",
      "sha256:3c86d2da996ef3853c92404984c3be7f635aa72f9e5fd5a86cf841ef6185c738": "sha256:32b38084109ef74ab25e9e3d1d502ea54a1d3d479049301c90de32bda049185c",
      "sha256:3e7e7d87ed60a6e6608d544239b6847e0c7e763fa2a73f84d0b45add4918eb94": "sha256:a7614838d25de90c4a0231d0ed469481508b00787475dede7823f3ec81a6e37d",
      "sha256:482ec5e5720d3c2725577bb2fd30bd877323f767eabbb777c2ba52b68da4712c": "sha256:7f2e5511a2affe93c7d79704e91058133559689a9c40a12f9bcafa3e2ca1ca4e",
      "sha256:6bb3068316575173e6b8f2ebda50e70b86b427011f660368fa20fc741d195e4e": "sha256:5d0e7e672ac7b861329ee0f27bf0ddfdd10d565bccae6448b2c5e817c5334b88",
      "sha256:757ea113f97b313aeea7fd1f54da3c17cff5cbcc509bfc11fa03840fea18eae0": "sha256:25076b6c8fd8fe5a58556d3192a9a5cd62f4556ce9d769d64eea124cbcf52ed8",
      "sha256:82630e17fab9f30129689912ebcb0e0274a6ce08b9fb24220e8066652b49d49c": "sha256:baf5a04b3c448ffe0c7df8ba8c2ec32b668b20d8b1b5c1dbde61ac2602933c29",
      "sha256:929fa15b2a399c37f1c669099b6b65f775d81f628d6bb753f543477a7c92c3df": "sha256:7d0dad5c24a62590c0ede6b10bd3b8930b46f270a6e7f19e6ed8f2fbd4bb33a0",
      "sha256:9483ae8f4939f8bd75c1de07af763a6862f19b39d998af928e107ea077db58a4": "sha256:eb5d8dd9b050e95cec14a93576d5c42e25d14a87d53974706d1c9bde61ea34ac",
      "sha256:9847fb544f08fc27c50f632508a8f3f196dec8071ac33215983f06a7d7888660": "sha256:06d728c435f93d5364b15e737bb327b707f0b1af239d6de5fc25f6f6c0b9c1fc",
      "sha256:9ac11ea1034b5fee9a9cee81bcd93cf518bc6f2005afe2dafc2c4fcfd8c48a4f": "sha256:4b0999eb8f7f9e0f1cee07284b5a24477f70b03c86f84ac8451005c563dfc97e",
      "sha256:9c6d57101196ea8f49993806ac66a8f9ba4b6815c868884e171f98c5e9837d8f": "sha256:1aa5b8f47ad7f704a33dcedd8d5c675b094c621be91fcc38635d94ac0645643a",
      "sha256:a5ddd7bbd7dc3c0fe2bdd827462b6bb82707610bec9aef5082f7f6541af26fe5": "sha256:2b7b9078eae646d6fc5552e16f6e7f13107bb60f9120239e2e893f4bca0ef618",
      "sha256:d1711a36c6b33a97128defc10caf869668f0d9b5be6979cface8f5f8c6b2b797": "sha256:c81ed8a674189a03fb8cf0d6c70797c4bbfd3a1cb19b62c20291fb979764c71d",
      "sha256:e8829c8af546a0dafa948bdbbc3b6350ca5f79b4f46294b2b5230cf07239d9b2": "sha256:52b3e05e8650550f55fd20c384c4b16ab8d159a4e19d0a27cde939acb3d04a56"
    },
    "fixture/fx-003": {
      "sha256:0369cf2242ff38a71858b7046f1f56e660ff2813dcc9642b4f21dd642d846eb0": "sha256:95fb234fac2567eedfb2ef859697ac60b3e66e9d51857327e1142785e35375d4",
      "sha256:0ed036d5f182197ac36744dbf829dc19f62d306bc9ee0a8dda9269e599ad8c4b": "sha256:59627f04c53caa46da1c436f0e4d62cdbd0332e6d79c93ed8c597b232ad9c453",
      "sha256:11b103d43b0d54f52dec49e4e349d521fa87e688573e366f70fbbcafd882a41b": "sha256:229f320dc73f1a744c1ee46756944188b6f8eb88c01104fa7f354602ef9590aa",
      "sha256:18c663364f0acf062f67398b5235fde6dac8d5ff27f773a0686e8afce8c5c3ef": "sha256:33b33b9d473ebc944ce328b3d585b22949e3deeb12f67ec863d610af9aaa5395",
      "sha256:1a7886207f90d16e1e1e264ae6ffd2023b96488093b276acce4c73d381116bd4": "sha256:1ec594d73a2190b9b76476aa40d495e3f5de5db0c18fdf15f0ea08d66101cb41",
      "sha256:24c7b9505f5f6c54e05c23bbc31dc4be8f87ab1907371f2260427f7e03f32261": "sha256:cc6e88fb3686b754de2873dd28266e430bcb366edb65129f795bc1964fefe6a3",
      "sha256:26cec32dad6f83e48e6cd268c337c09506d02115d446439620e7cbc92dcf86cc": "sha256:e632631c0d75b28631cc5c2918d24bf4278bf2b451dcdca97b6c0eec89c6b5bc",
      "sha256:30260faa5cbb460a2c1e7789fdeb0a32adaf775fc6789176f87f85ba8b01876f": "sha256:3241c3c4e0d75f835dc3b28eac38c5bf079edcbc633ff82f1d410118bfdafe18",
      "sha256:7300003e63f6ef6b72380c11f2de7c86bb9f037dbdb38a234a78cdfba10834c4": "sha256:a5ad7602c95939cc582302ceb371e06fe163ebfd10f151e6121d5f72e8aa3175",
      "sha256:7ac5be71014d3c8d2f05551ab95ec852e5a90a148bf1f07f8267814e1f232c90": "sha256:e7ea3e6b3532d6577b287f23df10243462a48d280f8be80648d6a763f06640b4",
      "sha256:844846c60945757cb0dda2cb2dd05ceb5867fe413d85bd0288f123666fded42a": "sha256:5ae557b84e9eb4be3be540ad371491a91ec16d4c036b49f931606b248c7cee81",
      "sha256:b145c64f89c579c6383bf0fc1315d157c65fa642773b14c9dba828ef6f0f94f9": "sha256:b4a06ff41a5b54ec47b01ab8bf5519974eec17a0f8744a8f9c6a12f6b547ca3d",
      "sha256:beb7d3057bfc7e182505be19683e7e447acc7af59bcc6fdd673fbf42775c9142": "sha256:791bbc78defd2de2dfbdc35fcdac2b9f04aa41343fd517ece6573ad9c64e39e8",
      "sha256:d1b52b7995713612aae4362daa543f5c2f4d46db55880f4dc744b1497a9b20c1": "sha256:556545bdf7a886d629eee6c7431f25b751f7e1b21efbf73ba4fee5a3e5b85864",
      "sha256:db5cedfa7e034bef2d1091cee9082084f64bfdcdca636f88b76e107ae3f8076d": "sha256:325f4dff38cf60b4e0b7b0c6a1899ca0e74c63d8615778dec290708a7c50c2cc",
      "sha256:f51f2a183192bdded9186bed8d14b2748b923821976712a76bcde603525296dd": "sha256:056d82f2ba4023780f8203c9ea9d398d6bd637acab7c05d8451e525a8163b1ae",
      "sha256:fe35fd98bb02ce0ec39bd36865c9ba6e8fb665f92afa6b0baddad63efbda22e7": "sha256:8c4905d373dc05c3a585da0646a14bee2cbb6587b05fa1cb43d7a1693d53ce92"
    }
  },
  "format": 1,
  "tools": {
    "gen": "graph@1,int_array@1,op_sequence@1,permutation@1,string@1,tree@1",
    "harness": "class-ops@1,func-json@1",
    "images": {
      "cpp": "gcc:14@sha256:9188ac751ca24431dc43dbd142a223c98ea74f01d2858e84d30ba342a0d67844",
      "go": "golang:1.26.8-bookworm@sha256:a688600ca24f8a4d3ca77f95b0dd40704a9fc787c826660eb7ba0b641b8b175d",
      "python": "python:3.13-slim@sha256:7c61056e61ac89e852de05f3dc6fa51a6dd2181797bceed46aa725dd7cb2cd3b"
    },
    "packlint": "lock@1"
  }
}
